
Microsoft Visual Studio Solution File, Format Version 12.00
# Visual Studio 15
VisualStudioVersion = 15.0.27428.2005
MinimumVisualStudioVersion = 10.0.40219.1
Project("{FAE04EC0-301F-11D3-BF4B-00C04F79EFBC}") = "larc.Web", "larc.Web\larc.Web.csproj", "{F2894445-2D5F-475D-B46D-2EA150816F73}"
EndProject
Project("{FAE04EC0-301F-11D3-BF4B-00C04F79EFBC}") = "larc.DAL", "larc.DAL\larc.DAL.csproj", "{727BB79C-CECE-4444-94A3-700419762BEC}"
EndProject
Project("{FAE04EC0-301F-11D3-BF4B-00C04F79EFBC}") = "larc.Model", "larc.Model\larc.Model.csproj", "{6E4EDE2F-9BA3-4180-94CF-73960DA8D595}"
EndProject
Project("{FAE04EC0-301F-11D3-BF4B-00C04F79EFBC}") = "larc.ConsoleApp", "larc.ConsoleApp\larc.ConsoleApp.csproj", "{88C91639-A0CD-4AD6-82DE-7A12F8BDB643}"
EndProject
Project("{FAE04EC0-301F-11D3-BF4B-00C04F79EFBC}") = "larc.Service", "larc.Service\larc.Service.csproj", "{FF299FAD-B377-47AD-8537-C682BD88D5AB}"
EndProject
Global
	GlobalSection(SolutionConfigurationPlatforms) = preSolution
		Debug|Any CPU = Debug|Any CPU
		Release|Any CPU = Release|Any CPU
	EndGlobalSection
	GlobalSection(ProjectConfigurationPlatforms) = postSolution
		{F2894445-2D5F-475D-B46D-2EA150816F73}.Debug|Any CPU.ActiveCfg = Debug|Any CPU
		{F2894445-2D5F-475D-B46D-2EA150816F73}.Debug|Any CPU.Build.0 = Debug|Any CPU
		{F2894445-2D5F-475D-B46D-2EA150816F73}.Release|Any CPU.ActiveCfg = Release|Any CPU
		{F2894445-2D5F-475D-B46D-2EA150816F73}.Release|Any CPU.Build.0 = Release|Any CPU
		{727BB79C-CECE-4444-94A3-700419762BEC}.Debug|Any CPU.ActiveCfg = Debug|Any CPU
		{727BB79C-CECE-4444-94A3-700419762BEC}.Debug|Any CPU.Build.0 = Debug|Any CPU
		{727BB79C-CECE-4444-94A3-700419762BEC}.Release|Any CPU.ActiveCfg = Release|Any CPU
		{727BB79C-CECE-4444-94A3-700419762BEC}.Release|Any CPU.Build.0 = Release|Any CPU
		{6E4EDE2F-9BA3-4180-94CF-73960DA8D595}.Debug|Any CPU.ActiveCfg = Debug|Any CPU
		{6E4EDE2F-9BA3-4180-94CF-73960DA8D595}.Debug|Any CPU.Build.0 = Debug|Any CPU
		{6E4EDE2F-9BA3-4180-94CF-73960DA8D595}.Release|Any CPU.ActiveCfg = Release|Any CPU
		{6E4EDE2F-9BA3-4180-94CF-73960DA8D595}.Release|Any CPU.Build.0 = Release|Any CPU
		{88C91639-A0CD-4AD6-82DE-7A12F8BDB643}.Debug|Any CPU.ActiveCfg = Debug|Any CPU
		{88C91639-A0CD-4AD6-82DE-7A12F8BDB643}.Debug|Any CPU.Build.0 = Debug|Any CPU
		{88C91639-A0CD-4AD6-82DE-7A12F8BDB643}.Release|Any CPU.ActiveCfg = Release|Any CPU
		{88C91639-A0CD-4AD6-82DE-7A12F8BDB643}.Release|Any CPU.Build.0 = Release|Any CPU
		{FF299FAD-B377-47AD-8537-C682BD88D5AB}.Debug|Any CPU.ActiveCfg = Debug|Any CPU
		{FF299FAD-B377-47AD-8537-C682BD88D5AB}.Debug|Any CPU.Build.0 = Debug|Any CPU
		{FF299FAD-B377-47AD-8537-C682BD88D5AB}.Release|Any CPU.ActiveCfg = Release|Any CPU
		{FF299FAD-B377-47AD-8537-C682BD88D5AB}.Release|Any CPU.Build.0 = Release|Any CPU
	EndGlobalSection
	GlobalSection(SolutionProperties) = preSolution
		HideSolutionNode = FALSE
	EndGlobalSection
	GlobalSection(ExtensibilityGlobals) = postSolution
		SolutionGuid = {AC552F34-1BE5-4F75-B150-707E29576BEA}
	EndGlobalSection
EndGlobal
